
Microsoft Visual Studio Solution File, Format Version 12.00
# Visual Studio Version 17
VisualStudioVersion = 17.8.34525.116
MinimumVisualStudioVersion = 10.0.40219.1
Project("{F184B08F-C81C-45F6-A57F-5ABD9991F28F}") = "WinFormsApp1", "WinFormsApp1\WinFormsApp1.vbproj", "{4747261A-A75B-4095-AFB8-3311FA73040A}"
EndProject
Global
	GlobalSection(SolutionConfigurationPlatforms) = preSolution
		Debug|Any CPU = Debug|Any CPU
		Release|Any CPU = Release|Any CPU
	EndGlobalSection
	GlobalSection(ProjectConfigurationPlatforms) = postSolution
		{4747261A-A75B-4095-AFB8-3311FA73040A}.Debug|Any CPU.ActiveCfg = Debug|Any CPU
		{4747261A-A75B-4095-AFB8-3311FA73040A}.Debug|Any CPU.Build.0 = Debug|Any CPU
		{4747261A-A75B-4095-AFB8-3311FA73040A}.Release|Any CPU.ActiveCfg = Release|Any CPU
		{4747261A-A75B-4095-AFB8-3311FA73040A}.Release|Any CPU.Build.0 = Release|Any CPU
	EndGlobalSection
	GlobalSection(SolutionProperties) = preSolution
		HideSolutionNode = FALSE
	EndGlobalSection
	GlobalSection(ExtensibilityGlobals) = postSolution
		SolutionGuid = {0832DE47-D941-43C1-BF9C-85267777BCBD}
	EndGlobalSection
EndGlobal
