
Microsoft Visual Studio Solution File, Format Version 12.00
# Visual Studio Version 17
VisualStudioVersion = 17.8.34525.116
MinimumVisualStudioVersion = 10.0.40219.1
Project("{F184B08F-C81C-45F6-A57F-5ABD9991F28F}") = "Grade_App", "Grade_App\Grade_App.vbproj", "{E40BE580-4DA0-4C7F-95FE-FF77656CF827}"
EndProject
Global
	GlobalSection(SolutionConfigurationPlatforms) = preSolution
		Debug|Any CPU = Debug|Any CPU
		Release|Any CPU = Release|Any CPU
	EndGlobalSection
	GlobalSection(ProjectConfigurationPlatforms) = postSolution
		{E40BE580-4DA0-4C7F-95FE-FF77656CF827}.Debug|Any CPU.ActiveCfg = Debug|Any CPU
		{E40BE580-4DA0-4C7F-95FE-FF77656CF827}.Debug|Any CPU.Build.0 = Debug|Any CPU
		{E40BE580-4DA0-4C7F-95FE-FF77656CF827}.Release|Any CPU.ActiveCfg = Release|Any CPU
		{E40BE580-4DA0-4C7F-95FE-FF77656CF827}.Release|Any CPU.Build.0 = Release|Any CPU
	EndGlobalSection
	GlobalSection(SolutionProperties) = preSolution
		HideSolutionNode = FALSE
	EndGlobalSection
	GlobalSection(ExtensibilityGlobals) = postSolution
		SolutionGuid = {84C8BD48-6431-4509-B9A5-134EDAD12519}
	EndGlobalSection
EndGlobal
